
Microsoft Visual Studio Solution File, Format Version 12.00
# Visual Studio 2012
Project("{FAE04EC0-301F-11D3-BF4B-00C04F79EFBC}") = "DapperDemo", "DapperDemo\DapperDemo.csproj", "{FF5534DA-4EE7-41DC-A2DB-305F9198B983}"
EndProject
Project("{FAE04EC0-301F-11D3-BF4B-00C04F79EFBC}") = "DemoModel", "DapperModel\DemoModel.csproj", "{551AF372-871C-43E3-A362-C3B686F97464}"
EndProject
Project("{FAE04EC0-301F-11D3-BF4B-00C04F79EFBC}") = "DemoEF", "DemoEF\DemoEF.csproj", "{6874DB0B-741B-49C4-A71F-5E90B1BAB20C}"
EndProject
Global
	GlobalSection(SolutionConfigurationPlatforms) = preSolution
		Debug|Any CPU = Debug|Any CPU
		Release|Any CPU = Release|Any CPU
	EndGlobalSection
	GlobalSection(ProjectConfigurationPlatforms) = postSolution
		{FF5534DA-4EE7-41DC-A2DB-305F9198B983}.Debug|Any CPU.ActiveCfg = Debug|Any CPU
		{FF5534DA-4EE7-41DC-A2DB-305F9198B983}.Debug|Any CPU.Build.0 = Debug|Any CPU
		{FF5534DA-4EE7-41DC-A2DB-305F9198B983}.Release|Any CPU.ActiveCfg = Release|Any CPU
		{FF5534DA-4EE7-41DC-A2DB-305F9198B983}.Release|Any CPU.Build.0 = Release|Any CPU
		{551AF372-871C-43E3-A362-C3B686F97464}.Debug|Any CPU.ActiveCfg = Debug|Any CPU
		{551AF372-871C-43E3-A362-C3B686F97464}.Debug|Any CPU.Build.0 = Debug|Any CPU
		{551AF372-871C-43E3-A362-C3B686F97464}.Release|Any CPU.ActiveCfg = Release|Any CPU
		{551AF372-871C-43E3-A362-C3B686F97464}.Release|Any CPU.Build.0 = Release|Any CPU
		{6874DB0B-741B-49C4-A71F-5E90B1BAB20C}.Debug|Any CPU.ActiveCfg = Debug|Any CPU
		{6874DB0B-741B-49C4-A71F-5E90B1BAB20C}.Debug|Any CPU.Build.0 = Debug|Any CPU
		{6874DB0B-741B-49C4-A71F-5E90B1BAB20C}.Release|Any CPU.ActiveCfg = Release|Any CPU
		{6874DB0B-741B-49C4-A71F-5E90B1BAB20C}.Release|Any CPU.Build.0 = Release|Any CPU
	EndGlobalSection
	GlobalSection(SolutionProperties) = preSolution
		HideSolutionNode = FALSE
	EndGlobalSection
EndGlobal
